// !$*UTF8*$!
{
	archiveVersion = 1;
	classes = {
	};
	objectVersion = 46;
	objects = {

/* Begin PBXBuildFile section */
		2966C07F18ADFB2B00F7F478 /* Foundation.framework in Frameworks */ = {isa = PBXBuildFile; fileRef = 2966C07E18ADFB2B00F7F478 /* Foundation.framework */; };
		29DFCAC31D09915000AAD2E5 /* MaterialGalleryScroll.cpp in Sources */ = {isa = PBXBuildFile; fileRef = 29DFCAC11D09915000AAD2E5 /* MaterialGalleryScroll.cpp */; };
		843B999E1B3922D7007F8FAC /* MaterialButtonLabel.cpp in Sources */ = {isa = PBXBuildFile; fileRef = 843B999C1B3922D7007F8FAC /* MaterialButtonLabel.cpp */; };
		8441FB3C1BB3D6CE009DC87A /* MaterialScrollSlice.cpp in Sources */ = {isa = PBXBuildFile; fileRef = 8441FB3A1BB3D6CE009DC87A /* MaterialScrollSlice.cpp */; };
		844636FF1B1EDCC500CA9857 /* MaterialMenuSource.cpp in Sources */ = {isa = PBXBuildFile; fileRef = 8446369B1B1EDCC500CA9857 /* MaterialMenuSource.cpp */; };
		844637061B1EDCC500CA9857 /* MaterialImage.cpp in Sources */ = {isa = PBXBuildFile; fileRef = 844636AE1B1EDCC500CA9857 /* MaterialImage.cpp */; };
		844637071B1EDCC500CA9857 /* MaterialNode.cpp in Sources */ = {isa = PBXBuildFile; fileRef = 844636B01B1EDCC500CA9857 /* MaterialNode.cpp */; };
		844637081B1EDCC500CA9857 /* MaterialButton.cpp in Sources */ = {isa = PBXBuildFile; fileRef = 844636B31B1EDCC500CA9857 /* MaterialButton.cpp */; };
		844637091B1EDCC500CA9857 /* MaterialButtonIcon.cpp in Sources */ = {isa = PBXBuildFile; fileRef = 844636B51B1EDCC500CA9857 /* MaterialButtonIcon.cpp */; };
		8446370A1B1EDCC500CA9857 /* MaterialButtonLabelSelector.cpp in Sources */ = {isa = PBXBuildFile; fileRef = 844636B71B1EDCC500CA9857 /* MaterialButtonLabelSelector.cpp */; };
		8446370B1B1EDCC500CA9857 /* MaterialFloatingActionButton.cpp in Sources */ = {isa = PBXBuildFile; fileRef = 844636B91B1EDCC500CA9857 /* MaterialFloatingActionButton.cpp */; };
		8446370C1B1EDCC500CA9857 /* MaterialFlexibleLayout.cpp in Sources */ = {isa = PBXBuildFile; fileRef = 844636BC1B1EDCC500CA9857 /* MaterialFlexibleLayout.cpp */; };
		8446370D1B1EDCC500CA9857 /* MaterialLayout.cpp in Sources */ = {isa = PBXBuildFile; fileRef = 844636BE1B1EDCC500CA9857 /* MaterialLayout.cpp */; };
		8446370E1B1EDCC500CA9857 /* MaterialFloatingMenu.cpp in Sources */ = {isa = PBXBuildFile; fileRef = 844636C11B1EDCC500CA9857 /* MaterialFloatingMenu.cpp */; };
		8446370F1B1EDCC500CA9857 /* MaterialMenu.cpp in Sources */ = {isa = PBXBuildFile; fileRef = 844636C31B1EDCC500CA9857 /* MaterialMenu.cpp */; };
		844637101B1EDCC500CA9857 /* MaterialMenuButton.cpp in Sources */ = {isa = PBXBuildFile; fileRef = 844636C51B1EDCC500CA9857 /* MaterialMenuButton.cpp */; };
		844637111B1EDCC500CA9857 /* MaterialMenuSeparator.cpp in Sources */ = {isa = PBXBuildFile; fileRef = 844636C81B1EDCC500CA9857 /* MaterialMenuSeparator.cpp */; };
		844637131B1EDCC500CA9857 /* MaterialNavigationLayer.cpp in Sources */ = {isa = PBXBuildFile; fileRef = 844636CD1B1EDCC500CA9857 /* MaterialNavigationLayer.cpp */; };
		844637141B1EDCC500CA9857 /* MaterialLinearProgress.cpp in Sources */ = {isa = PBXBuildFile; fileRef = 844636D01B1EDCC500CA9857 /* MaterialLinearProgress.cpp */; };
		844637151B1EDCC500CA9857 /* MaterialRoundedProgress.cpp in Sources */ = {isa = PBXBuildFile; fileRef = 844636D21B1EDCC500CA9857 /* MaterialRoundedProgress.cpp */; };
		844637161B1EDCC500CA9857 /* MaterialBackgroundLayer.cpp in Sources */ = {isa = PBXBuildFile; fileRef = 844636D51B1EDCC500CA9857 /* MaterialBackgroundLayer.cpp */; };
		844637171B1EDCC500CA9857 /* MaterialContentLayer.cpp in Sources */ = {isa = PBXBuildFile; fileRef = 844636D71B1EDCC500CA9857 /* MaterialContentLayer.cpp */; };
		844637181B1EDCC500CA9857 /* MaterialForegroundLayer.cpp in Sources */ = {isa = PBXBuildFile; fileRef = 844636D91B1EDCC500CA9857 /* MaterialForegroundLayer.cpp */; };
		844637191B1EDCC500CA9857 /* MaterialScene.cpp in Sources */ = {isa = PBXBuildFile; fileRef = 844636DB1B1EDCC500CA9857 /* MaterialScene.cpp */; };
		8446371A1B1EDCC500CA9857 /* MaterialScroll.cpp in Sources */ = {isa = PBXBuildFile; fileRef = 844636DE1B1EDCC500CA9857 /* MaterialScroll.cpp */; };
		8446371B1B1EDCC500CA9857 /* MaterialScrollFixed.cpp in Sources */ = {isa = PBXBuildFile; fileRef = 844636E01B1EDCC500CA9857 /* MaterialScrollFixed.cpp */; };
		8446371D1B1EDCC500CA9857 /* MaterialSimpleGrid.cpp in Sources */ = {isa = PBXBuildFile; fileRef = 844636E41B1EDCC500CA9857 /* MaterialSimpleGrid.cpp */; };
		8446371E1B1EDCC500CA9857 /* MaterialToolbar.cpp in Sources */ = {isa = PBXBuildFile; fileRef = 844636E71B1EDCC500CA9857 /* MaterialToolbar.cpp */; };
		8446371F1B1EDCC500CA9857 /* MaterialColors.cpp in Sources */ = {isa = PBXBuildFile; fileRef = 844636EA1B1EDCC500CA9857 /* MaterialColors.cpp */; };
		844637201B1EDCC500CA9857 /* MaterialIcon.cpp in Sources */ = {isa = PBXBuildFile; fileRef = 844636EC1B1EDCC500CA9857 /* MaterialIcon.cpp */; };
		844637211B1EDCC500CA9857 /* MaterialIconSources.cpp in Sources */ = {isa = PBXBuildFile; fileRef = 844636EE1B1EDCC500CA9857 /* MaterialIconSources.cpp */; };
		844637221B1EDCC500CA9857 /* MaterialMetrics.cpp in Sources */ = {isa = PBXBuildFile; fileRef = 844636F01B1EDCC500CA9857 /* MaterialMetrics.cpp */; };
		844637241B1EDCC500CA9857 /* MaterialResize.cpp in Sources */ = {isa = PBXBuildFile; fileRef = 844636F51B1EDCC500CA9857 /* MaterialResize.cpp */; };
		844637251B1EDCC500CA9857 /* MaterialResourceManager.cpp in Sources */ = {isa = PBXBuildFile; fileRef = 844636F71B1EDCC500CA9857 /* MaterialResourceManager.cpp */; };
		844637261B1EDCC500CA9857 /* MaterialFont.cpp in Sources */ = {isa = PBXBuildFile; fileRef = 844636FA1B1EDCC500CA9857 /* MaterialFont.cpp */; };
		844637271B1EDCC500CA9857 /* MaterialLabel.cpp in Sources */ = {isa = PBXBuildFile; fileRef = 844636FC1B1EDCC500CA9857 /* MaterialLabel.cpp */; };
		84EA86441BB16FF200FB1276 /* MaterialSidebarLayout.cpp in Sources */ = {isa = PBXBuildFile; fileRef = 84EA86401BB16FF200FB1276 /* MaterialSidebarLayout.cpp */; };
		84EA86451BB16FF200FB1276 /* MaterialToolbarLayout.cpp in Sources */ = {isa = PBXBuildFile; fileRef = 84EA86421BB16FF200FB1276 /* MaterialToolbarLayout.cpp */; };
		84F5BC691C0700EE00F4CF4F /* MaterialImageLayer.cpp in Sources */ = {isa = PBXBuildFile; fileRef = 84F5BC671C0700EE00F4CF4F /* MaterialImageLayer.cpp */; };
/* End PBXBuildFile section */

/* Begin PBXCopyFilesBuildPhase section */
		2966C07918ADFB2B00F7F478 /* CopyFiles */ = {
			isa = PBXCopyFilesBuildPhase;
			buildActionMask = 2147483647;
			dstPath = "include/$(PRODUCT_NAME)";
			dstSubfolderSpec = 16;
			files = (
			);
			runOnlyForDeploymentPostprocessing = 0;
		};
/* End PBXCopyFilesBuildPhase section */

/* Begin PBXFileReference section */
		2966C07B18ADFB2B00F7F478 /* libmaterial.a */ = {isa = PBXFileReference; explicitFileType = archive.ar; includeInIndex = 0; path = libmaterial.a; sourceTree = BUILT_PRODUCTS_DIR; };
		2966C07E18ADFB2B00F7F478 /* Foundation.framework */ = {isa = PBXFileReference; lastKnownFileType = wrapper.framework; name = Foundation.framework; path = System/Library/Frameworks/Foundation.framework; sourceTree = SDKROOT; };
		29DFCAC11D09915000AAD2E5 /* MaterialGalleryScroll.cpp */ = {isa = PBXFileReference; fileEncoding = 4; lastKnownFileType = sourcecode.cpp.cpp; path = MaterialGalleryScroll.cpp; sourceTree = "<group>"; };
		29DFCAC21D09915000AAD2E5 /* MaterialGalleryScroll.h */ = {isa = PBXFileReference; fileEncoding = 4; lastKnownFileType = sourcecode.c.h; path = MaterialGalleryScroll.h; sourceTree = "<group>"; };
		843B999C1B3922D7007F8FAC /* MaterialButtonLabel.cpp */ = {isa = PBXFileReference; fileEncoding = 4; lastKnownFileType = sourcecode.cpp.cpp; path = MaterialButtonLabel.cpp; sourceTree = "<group>"; };
		843B999D1B3922D7007F8FAC /* MaterialButtonLabel.h */ = {isa = PBXFileReference; fileEncoding = 4; lastKnownFileType = sourcecode.c.h; path = MaterialButtonLabel.h; sourceTree = "<group>"; };
		8441FB3A1BB3D6CE009DC87A /* MaterialScrollSlice.cpp */ = {isa = PBXFileReference; fileEncoding = 4; lastKnownFileType = sourcecode.cpp.cpp; path = MaterialScrollSlice.cpp; sourceTree = "<group>"; };
		8441FB3B1BB3D6CE009DC87A /* MaterialScrollSlice.h */ = {isa = PBXFileReference; fileEncoding = 4; lastKnownFileType = sourcecode.c.h; path = MaterialScrollSlice.h; sourceTree = "<group>"; };
		8446369B1B1EDCC500CA9857 /* MaterialMenuSource.cpp */ = {isa = PBXFileReference; fileEncoding = 4; lastKnownFileType = sourcecode.cpp.cpp; path = MaterialMenuSource.cpp; sourceTree = "<group>"; };
		8446369C1B1EDCC500CA9857 /* MaterialMenuSource.h */ = {isa = PBXFileReference; fileEncoding = 4; lastKnownFileType = sourcecode.c.h; path = MaterialMenuSource.h; sourceTree = "<group>"; };
		844636AE1B1EDCC500CA9857 /* MaterialImage.cpp */ = {isa = PBXFileReference; fileEncoding = 4; lastKnownFileType = sourcecode.cpp.cpp; path = MaterialImage.cpp; sourceTree = "<group>"; };
		844636AF1B1EDCC500CA9857 /* MaterialImage.h */ = {isa = PBXFileReference; fileEncoding = 4; lastKnownFileType = sourcecode.c.h; path = MaterialImage.h; sourceTree = "<group>"; };
		844636B01B1EDCC500CA9857 /* MaterialNode.cpp */ = {isa = PBXFileReference; fileEncoding = 4; lastKnownFileType = sourcecode.cpp.cpp; path = MaterialNode.cpp; sourceTree = "<group>"; };
		844636B11B1EDCC500CA9857 /* MaterialNode.h */ = {isa = PBXFileReference; fileEncoding = 4; lastKnownFileType = sourcecode.c.h; path = MaterialNode.h; sourceTree = "<group>"; };
		844636B31B1EDCC500CA9857 /* MaterialButton.cpp */ = {isa = PBXFileReference; fileEncoding = 4; lastKnownFileType = sourcecode.cpp.cpp; path = MaterialButton.cpp; sourceTree = "<group>"; };
		844636B41B1EDCC500CA9857 /* MaterialButton.h */ = {isa = PBXFileReference; fileEncoding = 4; lastKnownFileType = sourcecode.c.h; path = MaterialButton.h; sourceTree = "<group>"; };
		844636B51B1EDCC500CA9857 /* MaterialButtonIcon.cpp */ = {isa = PBXFileReference; fileEncoding = 4; lastKnownFileType = sourcecode.cpp.cpp; path = MaterialButtonIcon.cpp; sourceTree = "<group>"; };
		844636B61B1EDCC500CA9857 /* MaterialButtonIcon.h */ = {isa = PBXFileReference; fileEncoding = 4; lastKnownFileType = sourcecode.c.h; path = MaterialButtonIcon.h; sourceTree = "<group>"; };
		844636B71B1EDCC500CA9857 /* MaterialButtonLabelSelector.cpp */ = {isa = PBXFileReference; fileEncoding = 4; lastKnownFileType = sourcecode.cpp.cpp; path = MaterialButtonLabelSelector.cpp; sourceTree = "<group>"; };
		844636B81B1EDCC500CA9857 /* MaterialButtonLabelSelector.h */ = {isa = PBXFileReference; fileEncoding = 4; lastKnownFileType = sourcecode.c.h; path = MaterialButtonLabelSelector.h; sourceTree = "<group>"; };
		844636B91B1EDCC500CA9857 /* MaterialFloatingActionButton.cpp */ = {isa = PBXFileReference; fileEncoding = 4; lastKnownFileType = sourcecode.cpp.cpp; path = MaterialFloatingActionButton.cpp; sourceTree = "<group>"; };
		844636BA1B1EDCC500CA9857 /* MaterialFloatingActionButton.h */ = {isa = PBXFileReference; fileEncoding = 4; lastKnownFileType = sourcecode.c.h; path = MaterialFloatingActionButton.h; sourceTree = "<group>"; };
		844636BC1B1EDCC500CA9857 /* MaterialFlexibleLayout.cpp */ = {isa = PBXFileReference; fileEncoding = 4; lastKnownFileType = sourcecode.cpp.cpp; path = MaterialFlexibleLayout.cpp; sourceTree = "<group>"; };
		844636BD1B1EDCC500CA9857 /* MaterialFlexibleLayout.h */ = {isa = PBXFileReference; fileEncoding = 4; lastKnownFileType = sourcecode.c.h; path = MaterialFlexibleLayout.h; sourceTree = "<group>"; };
		844636BE1B1EDCC500CA9857 /* MaterialLayout.cpp */ = {isa = PBXFileReference; fileEncoding = 4; lastKnownFileType = sourcecode.cpp.cpp; path = MaterialLayout.cpp; sourceTree = "<group>"; };
		844636BF1B1EDCC500CA9857 /* MaterialLayout.h */ = {isa = PBXFileReference; fileEncoding = 4; lastKnownFileType = sourcecode.c.h; path = MaterialLayout.h; sourceTree = "<group>"; };
		844636C11B1EDCC500CA9857 /* MaterialFloatingMenu.cpp */ = {isa = PBXFileReference; fileEncoding = 4; lastKnownFileType = sourcecode.cpp.cpp; path = MaterialFloatingMenu.cpp; sourceTree = "<group>"; };
		844636C21B1EDCC500CA9857 /* MaterialFloatingMenu.h */ = {isa = PBXFileReference; fileEncoding = 4; lastKnownFileType = sourcecode.c.h; path = MaterialFloatingMenu.h; sourceTree = "<group>"; };
		844636C31B1EDCC500CA9857 /* MaterialMenu.cpp */ = {isa = PBXFileReference; fileEncoding = 4; lastKnownFileType = sourcecode.cpp.cpp; path = MaterialMenu.cpp; sourceTree = "<group>"; };
		844636C41B1EDCC500CA9857 /* MaterialMenu.h */ = {isa = PBXFileReference; fileEncoding = 4; lastKnownFileType = sourcecode.c.h; path = MaterialMenu.h; sourceTree = "<group>"; };
		844636C51B1EDCC500CA9857 /* MaterialMenuButton.cpp */ = {isa = PBXFileReference; fileEncoding = 4; lastKnownFileType = sourcecode.cpp.cpp; path = MaterialMenuButton.cpp; sourceTree = "<group>"; };
		844636C61B1EDCC500CA9857 /* MaterialMenuButton.h */ = {isa = PBXFileReference; fileEncoding = 4; lastKnownFileType = sourcecode.c.h; path = MaterialMenuButton.h; sourceTree = "<group>"; };
		844636C71B1EDCC500CA9857 /* MaterialMenuItemInterface.h */ = {isa = PBXFileReference; fileEncoding = 4; lastKnownFileType = sourcecode.c.h; path = MaterialMenuItemInterface.h; sourceTree = "<group>"; };
		844636C81B1EDCC500CA9857 /* MaterialMenuSeparator.cpp */ = {isa = PBXFileReference; fileEncoding = 4; lastKnownFileType = sourcecode.cpp.cpp; path = MaterialMenuSeparator.cpp; sourceTree = "<group>"; };
		844636C91B1EDCC500CA9857 /* MaterialMenuSeparator.h */ = {isa = PBXFileReference; fileEncoding = 4; lastKnownFileType = sourcecode.c.h; path = MaterialMenuSeparator.h; sourceTree = "<group>"; };
		844636CD1B1EDCC500CA9857 /* MaterialNavigationLayer.cpp */ = {isa = PBXFileReference; fileEncoding = 4; lastKnownFileType = sourcecode.cpp.cpp; path = MaterialNavigationLayer.cpp; sourceTree = "<group>"; };
		844636CE1B1EDCC500CA9857 /* MaterialNavigationLayer.h */ = {isa = PBXFileReference; fileEncoding = 4; lastKnownFileType = sourcecode.c.h; path = MaterialNavigationLayer.h; sourceTree = "<group>"; };
		844636D01B1EDCC500CA9857 /* MaterialLinearProgress.cpp */ = {isa = PBXFileReference; fileEncoding = 4; lastKnownFileType = sourcecode.cpp.cpp; path = MaterialLinearProgress.cpp; sourceTree = "<group>"; };
		844636D11B1EDCC500CA9857 /* MaterialLinearProgress.h */ = {isa = PBXFileReference; fileEncoding = 4; lastKnownFileType = sourcecode.c.h; path = MaterialLinearProgress.h; sourceTree = "<group>"; };
		844636D21B1EDCC500CA9857 /* MaterialRoundedProgress.cpp */ = {isa = PBXFileReference; fileEncoding = 4; lastKnownFileType = sourcecode.cpp.cpp; path = MaterialRoundedProgress.cpp; sourceTree = "<group>"; };
		844636D31B1EDCC500CA9857 /* MaterialRoundedProgress.h */ = {isa = PBXFileReference; fileEncoding = 4; lastKnownFileType = sourcecode.c.h; path = MaterialRoundedProgress.h; sourceTree = "<group>"; };
		844636D51B1EDCC500CA9857 /* MaterialBackgroundLayer.cpp */ = {isa = PBXFileReference; fileEncoding = 4; lastKnownFileType = sourcecode.cpp.cpp; path = MaterialBackgroundLayer.cpp; sourceTree = "<group>"; };
		844636D61B1EDCC500CA9857 /* MaterialBackgroundLayer.h */ = {isa = PBXFileReference; fileEncoding = 4; lastKnownFileType = sourcecode.c.h; path = MaterialBackgroundLayer.h; sourceTree = "<group>"; };
		844636D71B1EDCC500CA9857 /* MaterialContentLayer.cpp */ = {isa = PBXFileReference; fileEncoding = 4; lastKnownFileType = sourcecode.cpp.cpp; path = MaterialContentLayer.cpp; sourceTree = "<group>"; };
		844636D81B1EDCC500CA9857 /* MaterialContentLayer.h */ = {isa = PBXFileReference; fileEncoding = 4; lastKnownFileType = sourcecode.c.h; path = MaterialContentLayer.h; sourceTree = "<group>"; };
		844636D91B1EDCC500CA9857 /* MaterialForegroundLayer.cpp */ = {isa = PBXFileReference; fileEncoding = 4; lastKnownFileType = sourcecode.cpp.cpp; path = MaterialForegroundLayer.cpp; sourceTree = "<group>"; };
		844636DA1B1EDCC500CA9857 /* MaterialForegroundLayer.h */ = {isa = PBXFileReference; fileEncoding = 4; lastKnownFileType = sourcecode.c.h; path = MaterialForegroundLayer.h; sourceTree = "<group>"; };
		844636DB1B1EDCC500CA9857 /* MaterialScene.cpp */ = {isa = PBXFileReference; fileEncoding = 4; lastKnownFileType = sourcecode.cpp.cpp; path = MaterialScene.cpp; sourceTree = "<group>"; };
		844636DC1B1EDCC500CA9857 /* MaterialScene.h */ = {isa = PBXFileReference; fileEncoding = 4; lastKnownFileType = sourcecode.c.h; path = MaterialScene.h; sourceTree = "<group>"; };
		844636DE1B1EDCC500CA9857 /* MaterialScroll.cpp */ = {isa = PBXFileReference; fileEncoding = 4; lastKnownFileType = sourcecode.cpp.cpp; path = MaterialScroll.cpp; sourceTree = "<group>"; };
		844636DF1B1EDCC500CA9857 /* MaterialScroll.h */ = {isa = PBXFileReference; fileEncoding = 4; lastKnownFileType = sourcecode.c.h; path = MaterialScroll.h; sourceTree = "<group>"; };
		844636E01B1EDCC500CA9857 /* MaterialScrollFixed.cpp */ = {isa = PBXFileReference; fileEncoding = 4; lastKnownFileType = sourcecode.cpp.cpp; path = MaterialScrollFixed.cpp; sourceTree = "<group>"; };
		844636E11B1EDCC500CA9857 /* MaterialScrollFixed.h */ = {isa = PBXFileReference; fileEncoding = 4; lastKnownFileType = sourcecode.c.h; path = MaterialScrollFixed.h; sourceTree = "<group>"; };
		844636E41B1EDCC500CA9857 /* MaterialSimpleGrid.cpp */ = {isa = PBXFileReference; fileEncoding = 4; lastKnownFileType = sourcecode.cpp.cpp; path = MaterialSimpleGrid.cpp; sourceTree = "<group>"; };
		844636E51B1EDCC500CA9857 /* MaterialSimpleGrid.h */ = {isa = PBXFileReference; fileEncoding = 4; lastKnownFileType = sourcecode.c.h; path = MaterialSimpleGrid.h; sourceTree = "<group>"; };
		844636E71B1EDCC500CA9857 /* MaterialToolbar.cpp */ = {isa = PBXFileReference; fileEncoding = 4; lastKnownFileType = sourcecode.cpp.cpp; path = MaterialToolbar.cpp; sourceTree = "<group>"; };
		844636E81B1EDCC500CA9857 /* MaterialToolbar.h */ = {isa = PBXFileReference; fileEncoding = 4; lastKnownFileType = sourcecode.c.h; path = MaterialToolbar.h; sourceTree = "<group>"; };
		844636EA1B1EDCC500CA9857 /* MaterialColors.cpp */ = {isa = PBXFileReference; fileEncoding = 4; lastKnownFileType = sourcecode.cpp.cpp; path = MaterialColors.cpp; sourceTree = "<group>"; };
		844636EB1B1EDCC500CA9857 /* MaterialColors.h */ = {isa = PBXFileReference; fileEncoding = 4; lastKnownFileType = sourcecode.c.h; path = MaterialColors.h; sourceTree = "<group>"; };
		844636EC1B1EDCC500CA9857 /* MaterialIcon.cpp */ = {isa = PBXFileReference; fileEncoding = 4; lastKnownFileType = sourcecode.cpp.cpp; path = MaterialIcon.cpp; sourceTree = "<group>"; };
		844636ED1B1EDCC500CA9857 /* MaterialIcon.h */ = {isa = PBXFileReference; fileEncoding = 4; lastKnownFileType = sourcecode.c.h; path = MaterialIcon.h; sourceTree = "<group>"; };
		844636EE1B1EDCC500CA9857 /* MaterialIconSources.cpp */ = {isa = PBXFileReference; fileEncoding = 4; lastKnownFileType = sourcecode.cpp.cpp; path = MaterialIconSources.cpp; sourceTree = "<group>"; };
		844636EF1B1EDCC500CA9857 /* MaterialIconSources.h */ = {isa = PBXFileReference; fileEncoding = 4; lastKnownFileType = sourcecode.c.h; path = MaterialIconSources.h; sourceTree = "<group>"; };
		844636F01B1EDCC500CA9857 /* MaterialMetrics.cpp */ = {isa = PBXFileReference; fileEncoding = 4; lastKnownFileType = sourcecode.cpp.cpp; path = MaterialMetrics.cpp; sourceTree = "<group>"; };
		844636F11B1EDCC500CA9857 /* MaterialMetrics.h */ = {isa = PBXFileReference; fileEncoding = 4; lastKnownFileType = sourcecode.c.h; path = MaterialMetrics.h; sourceTree = "<group>"; };
		844636F21B1EDCC500CA9857 /* MaterialMetricsInline.h */ = {isa = PBXFileReference; fileEncoding = 4; lastKnownFileType = sourcecode.c.h; path = MaterialMetricsInline.h; sourceTree = "<group>"; };
		844636F51B1EDCC500CA9857 /* MaterialResize.cpp */ = {isa = PBXFileReference; fileEncoding = 4; lastKnownFileType = sourcecode.cpp.cpp; path = MaterialResize.cpp; sourceTree = "<group>"; };
		844636F61B1EDCC500CA9857 /* MaterialResize.h */ = {isa = PBXFileReference; fileEncoding = 4; lastKnownFileType = sourcecode.c.h; path = MaterialResize.h; sourceTree = "<group>"; };
		844636F71B1EDCC500CA9857 /* MaterialResourceManager.cpp */ = {isa = PBXFileReference; fileEncoding = 4; lastKnownFileType = sourcecode.cpp.cpp; path = MaterialResourceManager.cpp; sourceTree = "<group>"; };
		844636F81B1EDCC500CA9857 /* MaterialResourceManager.h */ = {isa = PBXFileReference; fileEncoding = 4; lastKnownFileType = sourcecode.c.h; path = MaterialResourceManager.h; sourceTree = "<group>"; };
		844636FA1B1EDCC500CA9857 /* MaterialFont.cpp */ = {isa = PBXFileReference; fileEncoding = 4; lastKnownFileType = sourcecode.cpp.cpp; path = MaterialFont.cpp; sourceTree = "<group>"; };
		844636FB1B1EDCC500CA9857 /* MaterialFont.h */ = {isa = PBXFileReference; fileEncoding = 4; lastKnownFileType = sourcecode.c.h; path = MaterialFont.h; sourceTree = "<group>"; };
		844636FC1B1EDCC500CA9857 /* MaterialLabel.cpp */ = {isa = PBXFileReference; fileEncoding = 4; lastKnownFileType = sourcecode.cpp.cpp; path = MaterialLabel.cpp; sourceTree = "<group>"; };
		844636FD1B1EDCC500CA9857 /* MaterialLabel.h */ = {isa = PBXFileReference; fileEncoding = 4; lastKnownFileType = sourcecode.c.h; path = MaterialLabel.h; sourceTree = "<group>"; };
		846690021BBAC83700612268 /* material-Prefix.pch */ = {isa = PBXFileReference; lastKnownFileType = sourcecode.c.h; path = "material-Prefix.pch"; sourceTree = SOURCE_ROOT; };
		846690031BBAC86D00612268 /* Material.h */ = {isa = PBXFileReference; lastKnownFileType = sourcecode.c.h; path = Material.h; sourceTree = "<group>"; };
		84EA86401BB16FF200FB1276 /* MaterialSidebarLayout.cpp */ = {isa = PBXFileReference; fileEncoding = 4; lastKnownFileType = sourcecode.cpp.cpp; path = MaterialSidebarLayout.cpp; sourceTree = "<group>"; };
		84EA86411BB16FF200FB1276 /* MaterialSidebarLayout.h */ = {isa = PBXFileReference; fileEncoding = 4; lastKnownFileType = sourcecode.c.h; path = MaterialSidebarLayout.h; sourceTree = "<group>"; };
		84EA86421BB16FF200FB1276 /* MaterialToolbarLayout.cpp */ = {isa = PBXFileReference; fileEncoding = 4; lastKnownFileType = sourcecode.cpp.cpp; path = MaterialToolbarLayout.cpp; sourceTree = "<group>"; };
		84EA86431BB16FF200FB1276 /* MaterialToolbarLayout.h */ = {isa = PBXFileReference; fileEncoding = 4; lastKnownFileType = sourcecode.c.h; path = MaterialToolbarLayout.h; sourceTree = "<group>"; };
		84F5BC671C0700EE00F4CF4F /* MaterialImageLayer.cpp */ = {isa = PBXFileReference; fileEncoding = 4; lastKnownFileType = sourcecode.cpp.cpp; path = MaterialImageLayer.cpp; sourceTree = "<group>"; };
		84F5BC681C0700EE00F4CF4F /* MaterialImageLayer.h */ = {isa = PBXFileReference; fileEncoding = 4; lastKnownFileType = sourcecode.c.h; path = MaterialImageLayer.h; sourceTree = "<group>"; };
/* End PBXFileReference section */

/* Begin PBXFrameworksBuildPhase section */
		2966C07818ADFB2B00F7F478 /* Frameworks */ = {
			isa = PBXFrameworksBuildPhase;
			buildActionMask = 2147483647;
			files = (
				2966C07F18ADFB2B00F7F478 /* Foundation.framework in Frameworks */,
			);
			runOnlyForDeploymentPostprocessing = 0;
		};
/* End PBXFrameworksBuildPhase section */

/* Begin PBXGroup section */
		2966C07218ADFB2B00F7F478 = {
			isa = PBXGroup;
			children = (
				2966C07D18ADFB2B00F7F478 /* Frameworks */,
				2966C07C18ADFB2B00F7F478 /* Products */,
				844636981B1EDCC500CA9857 /* data */,
				844636AC1B1EDCC500CA9857 /* nodes */,
				844636E91B1EDCC500CA9857 /* resources */,
				844636F91B1EDCC500CA9857 /* typography */,
				846690021BBAC83700612268 /* material-Prefix.pch */,
				846690031BBAC86D00612268 /* Material.h */,
			);
			sourceTree = "<group>";
		};
		2966C07C18ADFB2B00F7F478 /* Products */ = {
			isa = PBXGroup;
			children = (
				2966C07B18ADFB2B00F7F478 /* libmaterial.a */,
			);
			name = Products;
			sourceTree = "<group>";
		};
		2966C07D18ADFB2B00F7F478 /* Frameworks */ = {
			isa = PBXGroup;
			children = (
				2966C07E18ADFB2B00F7F478 /* Foundation.framework */,
			);
			name = Frameworks;
			sourceTree = "<group>";
		};
		844636981B1EDCC500CA9857 /* data */ = {
			isa = PBXGroup;
			children = (
				8446369B1B1EDCC500CA9857 /* MaterialMenuSource.cpp */,
				8446369C1B1EDCC500CA9857 /* MaterialMenuSource.h */,
			);
			path = data;
			sourceTree = "<group>";
		};
		844636AC1B1EDCC500CA9857 /* nodes */ = {
			isa = PBXGroup;
			children = (
				844636AD1B1EDCC500CA9857 /* base */,
				844636B21B1EDCC500CA9857 /* button */,
				84F5BC661C0700EE00F4CF4F /* image */,
				844636BB1B1EDCC500CA9857 /* layout */,
				844636C01B1EDCC500CA9857 /* menu */,
				844636CA1B1EDCC500CA9857 /* navigation */,
				844636CF1B1EDCC500CA9857 /* progress */,
				844636D41B1EDCC500CA9857 /* scene */,
				844636DD1B1EDCC500CA9857 /* scroll */,
				844636E61B1EDCC500CA9857 /* toolbar */,
			);
			path = nodes;
			sourceTree = "<group>";
		};
		844636AD1B1EDCC500CA9857 /* base */ = {
			isa = PBXGroup;
			children = (
				844636AE1B1EDCC500CA9857 /* MaterialImage.cpp */,
				844636AF1B1EDCC500CA9857 /* MaterialImage.h */,
				844636B01B1EDCC500CA9857 /* MaterialNode.cpp */,
				844636B11B1EDCC500CA9857 /* MaterialNode.h */,
			);
			path = base;
			sourceTree = "<group>";
		};
		844636B21B1EDCC500CA9857 /* button */ = {
			isa = PBXGroup;
			children = (
				844636B31B1EDCC500CA9857 /* MaterialButton.cpp */,
				844636B41B1EDCC500CA9857 /* MaterialButton.h */,
				844636B51B1EDCC500CA9857 /* MaterialButtonIcon.cpp */,
				844636B61B1EDCC500CA9857 /* MaterialButtonIcon.h */,
				843B999C1B3922D7007F8FAC /* MaterialButtonLabel.cpp */,
				843B999D1B3922D7007F8FAC /* MaterialButtonLabel.h */,
				844636B71B1EDCC500CA9857 /* MaterialButtonLabelSelector.cpp */,
				844636B81B1EDCC500CA9857 /* MaterialButtonLabelSelector.h */,
				844636B91B1EDCC500CA9857 /* MaterialFloatingActionButton.cpp */,
				844636BA1B1EDCC500CA9857 /* MaterialFloatingActionButton.h */,
			);
			path = button;
			sourceTree = "<group>";
		};
		844636BB1B1EDCC500CA9857 /* layout */ = {
			isa = PBXGroup;
			children = (
				844636BC1B1EDCC500CA9857 /* MaterialFlexibleLayout.cpp */,
				844636BD1B1EDCC500CA9857 /* MaterialFlexibleLayout.h */,
				844636BE1B1EDCC500CA9857 /* MaterialLayout.cpp */,
				844636BF1B1EDCC500CA9857 /* MaterialLayout.h */,
				84EA86401BB16FF200FB1276 /* MaterialSidebarLayout.cpp */,
				84EA86411BB16FF200FB1276 /* MaterialSidebarLayout.h */,
				84EA86421BB16FF200FB1276 /* MaterialToolbarLayout.cpp */,
				84EA86431BB16FF200FB1276 /* MaterialToolbarLayout.h */,
			);
			path = layout;
			sourceTree = "<group>";
		};
		844636C01B1EDCC500CA9857 /* menu */ = {
			isa = PBXGroup;
			children = (
				844636C11B1EDCC500CA9857 /* MaterialFloatingMenu.cpp */,
				844636C21B1EDCC500CA9857 /* MaterialFloatingMenu.h */,
				844636C31B1EDCC500CA9857 /* MaterialMenu.cpp */,
				844636C41B1EDCC500CA9857 /* MaterialMenu.h */,
				844636C51B1EDCC500CA9857 /* MaterialMenuButton.cpp */,
				844636C61B1EDCC500CA9857 /* MaterialMenuButton.h */,
				844636C71B1EDCC500CA9857 /* MaterialMenuItemInterface.h */,
				844636C81B1EDCC500CA9857 /* MaterialMenuSeparator.cpp */,
				844636C91B1EDCC500CA9857 /* MaterialMenuSeparator.h */,
			);
			path = menu;
			sourceTree = "<group>";
		};
		844636CA1B1EDCC500CA9857 /* navigation */ = {
			isa = PBXGroup;
			children = (
				844636CD1B1EDCC500CA9857 /* MaterialNavigationLayer.cpp */,
				844636CE1B1EDCC500CA9857 /* MaterialNavigationLayer.h */,
			);
			path = navigation;
			sourceTree = "<group>";
		};
		844636CF1B1EDCC500CA9857 /* progress */ = {
			isa = PBXGroup;
			children = (
				844636D01B1EDCC500CA9857 /* MaterialLinearProgress.cpp */,
				844636D11B1EDCC500CA9857 /* MaterialLinearProgress.h */,
				844636D21B1EDCC500CA9857 /* MaterialRoundedProgress.cpp */,
				844636D31B1EDCC500CA9857 /* MaterialRoundedProgress.h */,
			);
			path = progress;
			sourceTree = "<group>";
		};
		844636D41B1EDCC500CA9857 /* scene */ = {
			isa = PBXGroup;
			children = (
				844636D51B1EDCC500CA9857 /* MaterialBackgroundLayer.cpp */,
				844636D61B1EDCC500CA9857 /* MaterialBackgroundLayer.h */,
				844636D71B1EDCC500CA9857 /* MaterialContentLayer.cpp */,
				844636D81B1EDCC500CA9857 /* MaterialContentLayer.h */,
				844636D91B1EDCC500CA9857 /* MaterialForegroundLayer.cpp */,
				844636DA1B1EDCC500CA9857 /* MaterialForegroundLayer.h */,
				844636DB1B1EDCC500CA9857 /* MaterialScene.cpp */,
				844636DC1B1EDCC500CA9857 /* MaterialScene.h */,
			);
			path = scene;
			sourceTree = "<group>";
		};
		844636DD1B1EDCC500CA9857 /* scroll */ = {
			isa = PBXGroup;
			children = (
				844636DE1B1EDCC500CA9857 /* MaterialScroll.cpp */,
				844636DF1B1EDCC500CA9857 /* MaterialScroll.h */,
				844636E01B1EDCC500CA9857 /* MaterialScrollFixed.cpp */,
				844636E11B1EDCC500CA9857 /* MaterialScrollFixed.h */,
				8441FB3A1BB3D6CE009DC87A /* MaterialScrollSlice.cpp */,
				8441FB3B1BB3D6CE009DC87A /* MaterialScrollSlice.h */,
				844636E41B1EDCC500CA9857 /* MaterialSimpleGrid.cpp */,
				844636E51B1EDCC500CA9857 /* MaterialSimpleGrid.h */,
			);
			path = scroll;
			sourceTree = "<group>";
		};
		844636E61B1EDCC500CA9857 /* toolbar */ = {
			isa = PBXGroup;
			children = (
				844636E71B1EDCC500CA9857 /* MaterialToolbar.cpp */,
				844636E81B1EDCC500CA9857 /* MaterialToolbar.h */,
			);
			path = toolbar;
			sourceTree = "<group>";
		};
		844636E91B1EDCC500CA9857 /* resources */ = {
			isa = PBXGroup;
			children = (
				844636EA1B1EDCC500CA9857 /* MaterialColors.cpp */,
				844636EB1B1EDCC500CA9857 /* MaterialColors.h */,
				844636EC1B1EDCC500CA9857 /* MaterialIcon.cpp */,
				844636ED1B1EDCC500CA9857 /* MaterialIcon.h */,
				844636EE1B1EDCC500CA9857 /* MaterialIconSources.cpp */,
				844636EF1B1EDCC500CA9857 /* MaterialIconSources.h */,
				844636F01B1EDCC500CA9857 /* MaterialMetrics.cpp */,
				844636F11B1EDCC500CA9857 /* MaterialMetrics.h */,
				844636F21B1EDCC500CA9857 /* MaterialMetricsInline.h */,
				844636F51B1EDCC500CA9857 /* MaterialResize.cpp */,
				844636F61B1EDCC500CA9857 /* MaterialResize.h */,
				844636F71B1EDCC500CA9857 /* MaterialResourceManager.cpp */,
				844636F81B1EDCC500CA9857 /* MaterialResourceManager.h */,
			);
			path = resources;
			sourceTree = "<group>";
		};
		844636F91B1EDCC500CA9857 /* typography */ = {
			isa = PBXGroup;
			children = (
				844636FA1B1EDCC500CA9857 /* MaterialFont.cpp */,
				844636FB1B1EDCC500CA9857 /* MaterialFont.h */,
				844636FC1B1EDCC500CA9857 /* MaterialLabel.cpp */,
				844636FD1B1EDCC500CA9857 /* MaterialLabel.h */,
			);
			path = typography;
			sourceTree = "<group>";
		};
		84F5BC661C0700EE00F4CF4F /* image */ = {
			isa = PBXGroup;
			children = (
				29DFCAC11D09915000AAD2E5 /* MaterialGalleryScroll.cpp */,
				29DFCAC21D09915000AAD2E5 /* MaterialGalleryScroll.h */,
				84F5BC671C0700EE00F4CF4F /* MaterialImageLayer.cpp */,
				84F5BC681C0700EE00F4CF4F /* MaterialImageLayer.h */,
			);
			path = image;
			sourceTree = "<group>";
		};
/* End PBXGroup section */

/* Begin PBXNativeTarget section */
		2966C07A18ADFB2B00F7F478 /* material */ = {
			isa = PBXNativeTarget;
			buildConfigurationList = 2966C09E18ADFB2B00F7F478 /* Build configuration list for PBXNativeTarget "material" */;
			buildPhases = (
				2966C07718ADFB2B00F7F478 /* Sources */,
				2966C07818ADFB2B00F7F478 /* Frameworks */,
				2966C07918ADFB2B00F7F478 /* CopyFiles */,
			);
			buildRules = (
			);
			dependencies = (
			);
			name = material;
			productName = reader;
			productReference = 2966C07B18ADFB2B00F7F478 /* libmaterial.a */;
			productType = "com.apple.product-type.library.static";
		};
/* End PBXNativeTarget section */

/* Begin PBXProject section */
		2966C07318ADFB2B00F7F478 /* Project object */ = {
			isa = PBXProject;
			attributes = {
				LastUpgradeCheck = 0700;
				ORGANIZATIONNAME = SBKarr;
			};
			buildConfigurationList = 2966C07618ADFB2B00F7F478 /* Build configuration list for PBXProject "material" */;
			compatibilityVersion = "Xcode 3.2";
			developmentRegion = English;
			hasScannedForEncodings = 0;
			knownRegions = (
				en,
			);
			mainGroup = 2966C07218ADFB2B00F7F478;
			productRefGroup = 2966C07C18ADFB2B00F7F478 /* Products */;
			projectDirPath = "";
			projectRoot = "";
			targets = (
				2966C07A18ADFB2B00F7F478 /* material */,
			);
		};
/* End PBXProject section */

/* Begin PBXSourcesBuildPhase section */
		2966C07718ADFB2B00F7F478 /* Sources */ = {
			isa = PBXSourcesBuildPhase;
			buildActionMask = 2147483647;
			files = (
				84EA86441BB16FF200FB1276 /* MaterialSidebarLayout.cpp in Sources */,
				8446370D1B1EDCC500CA9857 /* MaterialLayout.cpp in Sources */,
				8446370F1B1EDCC500CA9857 /* MaterialMenu.cpp in Sources */,
				843B999E1B3922D7007F8FAC /* MaterialButtonLabel.cpp in Sources */,
				844637191B1EDCC500CA9857 /* MaterialScene.cpp in Sources */,
				84F5BC691C0700EE00F4CF4F /* MaterialImageLayer.cpp in Sources */,
				844637081B1EDCC500CA9857 /* MaterialButton.cpp in Sources */,
				844636FF1B1EDCC500CA9857 /* MaterialMenuSource.cpp in Sources */,
				8446371D1B1EDCC500CA9857 /* MaterialSimpleGrid.cpp in Sources */,
				844637061B1EDCC500CA9857 /* MaterialImage.cpp in Sources */,
				8446370E1B1EDCC500CA9857 /* MaterialFloatingMenu.cpp in Sources */,
				844637141B1EDCC500CA9857 /* MaterialLinearProgress.cpp in Sources */,
				29DFCAC31D09915000AAD2E5 /* MaterialGalleryScroll.cpp in Sources */,
				844637261B1EDCC500CA9857 /* MaterialFont.cpp in Sources */,
				844637221B1EDCC500CA9857 /* MaterialMetrics.cpp in Sources */,
				844637181B1EDCC500CA9857 /* MaterialForegroundLayer.cpp in Sources */,
				8446371A1B1EDCC500CA9857 /* MaterialScroll.cpp in Sources */,
				8446371B1B1EDCC500CA9857 /* MaterialScrollFixed.cpp in Sources */,
				844637131B1EDCC500CA9857 /* MaterialNavigationLayer.cpp in Sources */,
				844637171B1EDCC500CA9857 /* MaterialContentLayer.cpp in Sources */,
				844637241B1EDCC500CA9857 /* MaterialResize.cpp in Sources */,
				844637161B1EDCC500CA9857 /* MaterialBackgroundLayer.cpp in Sources */,
				8446371E1B1EDCC500CA9857 /* MaterialToolbar.cpp in Sources */,
				8446370C1B1EDCC500CA9857 /* MaterialFlexibleLayout.cpp in Sources */,
				84EA86451BB16FF200FB1276 /* MaterialToolbarLayout.cpp in Sources */,
				844637111B1EDCC500CA9857 /* MaterialMenuSeparator.cpp in Sources */,
				844637151B1EDCC500CA9857 /* MaterialRoundedProgress.cpp in Sources */,
				8441FB3C1BB3D6CE009DC87A /* MaterialScrollSlice.cpp in Sources */,
				844637071B1EDCC500CA9857 /* MaterialNode.cpp in Sources */,
				844637201B1EDCC500CA9857 /* MaterialIcon.cpp in Sources */,
				8446370B1B1EDCC500CA9857 /* MaterialFloatingActionButton.cpp in Sources */,
				844637271B1EDCC500CA9857 /* MaterialLabel.cpp in Sources */,
				8446371F1B1EDCC500CA9857 /* MaterialColors.cpp in Sources */,
				844637211B1EDCC500CA9857 /* MaterialIconSources.cpp in Sources */,
				844637101B1EDCC500CA9857 /* MaterialMenuButton.cpp in Sources */,
				844637091B1EDCC500CA9857 /* MaterialButtonIcon.cpp in Sources */,
				844637251B1EDCC500CA9857 /* MaterialResourceManager.cpp in Sources */,
				8446370A1B1EDCC500CA9857 /* MaterialButtonLabelSelector.cpp in Sources */,
			);
			runOnlyForDeploymentPostprocessing = 0;
		};
/* End PBXSourcesBuildPhase section */

/* Begin XCBuildConfiguration section */
		2966C09C18ADFB2B00F7F478 /* Debug */ = {
			isa = XCBuildConfiguration;
			buildSettings = {
				ALWAYS_SEARCH_USER_PATHS = NO;
				CLANG_CXX_LANGUAGE_STANDARD = "gnu++14";
				CLANG_CXX_LIBRARY = "libc++";
				CLANG_ENABLE_MODULES = YES;
				CLANG_ENABLE_OBJC_ARC = YES;
				CLANG_WARN_BOOL_CONVERSION = YES;
				CLANG_WARN_CONSTANT_CONVERSION = YES;
				CLANG_WARN_DIRECT_OBJC_ISA_USAGE = YES_ERROR;
				CLANG_WARN_EMPTY_BODY = YES;
				CLANG_WARN_ENUM_CONVERSION = YES;
				CLANG_WARN_INT_CONVERSION = YES;
				CLANG_WARN_OBJC_ROOT_CLASS = YES_ERROR;
				CLANG_WARN__DUPLICATE_METHOD_MATCH = YES;
				COPY_PHASE_STRIP = NO;
				ENABLE_TESTABILITY = YES;
				GCC_C_LANGUAGE_STANDARD = gnu99;
				GCC_DYNAMIC_NO_PIC = NO;
				GCC_OPTIMIZATION_LEVEL = 0;
				GCC_PREPROCESSOR_DEFINITIONS = (
					NDEBUG,
					USE_FILE32API,
					CC_TARGET_OS_IPHONE,
					CC_ENABLE_CHIPMUNK_INTEGRATION,
				);
				GCC_SYMBOLS_PRIVATE_EXTERN = NO;
				GCC_WARN_64_TO_32_BIT_CONVERSION = YES;
				GCC_WARN_ABOUT_RETURN_TYPE = YES_ERROR;
				GCC_WARN_UNDECLARED_SELECTOR = YES;
				GCC_WARN_UNINITIALIZED_AUTOS = YES;
				GCC_WARN_UNUSED_FUNCTION = YES;
				GCC_WARN_UNUSED_VARIABLE = YES;
				HEADER_SEARCH_PATHS = (
					"\"$(SRCROOT)/../cocos2d/cocos\"",
					"\"$(SRCROOT)/../cocos2d/extensions\"",
					"\"$(SRCROOT)/../cocos2d/external\"",
					"$(SRCROOT)/../cocos2d/cocos/platform/ios",
					"\"$(SRCROOT)/../stappler/src\"/**",
					"\"$(SRCROOT)/../common\"/**",
					"\"$(SRCROOT)\"",
				);
				IPHONEOS_DEPLOYMENT_TARGET = 5.1;
				ONLY_ACTIVE_ARCH = YES;
				SDKROOT = iphoneos;
			};
			name = Debug;
		};
		2966C09D18ADFB2B00F7F478 /* Release */ = {
			isa = XCBuildConfiguration;
			buildSettings = {
				ALWAYS_SEARCH_USER_PATHS = NO;
				CLANG_CXX_LANGUAGE_STANDARD = "gnu++14";
				CLANG_CXX_LIBRARY = "libc++";
				CLANG_ENABLE_MODULES = YES;
				CLANG_ENABLE_OBJC_ARC = YES;
				CLANG_WARN_BOOL_CONVERSION = YES;
				CLANG_WARN_CONSTANT_CONVERSION = YES;
				CLANG_WARN_DIRECT_OBJC_ISA_USAGE = YES_ERROR;
				CLANG_WARN_EMPTY_BODY = YES;
				CLANG_WARN_ENUM_CONVERSION = YES;
				CLANG_WARN_INT_CONVERSION = YES;
				CLANG_WARN_OBJC_ROOT_CLASS = YES_ERROR;
				CLANG_WARN__DUPLICATE_METHOD_MATCH = YES;
				COPY_PHASE_STRIP = YES;
				ENABLE_NS_ASSERTIONS = NO;
				GCC_C_LANGUAGE_STANDARD = gnu99;
				GCC_PREPROCESSOR_DEFINITIONS = (
					NDEBUG,
					USE_FILE32API,
					CC_TARGET_OS_IPHONE,
					CC_ENABLE_CHIPMUNK_INTEGRATION,
				);
				GCC_WARN_64_TO_32_BIT_CONVERSION = YES;
				GCC_WARN_ABOUT_RETURN_TYPE = YES_ERROR;
				GCC_WARN_UNDECLARED_SELECTOR = YES;
				GCC_WARN_UNINITIALIZED_AUTOS = YES;
				GCC_WARN_UNUSED_FUNCTION = YES;
				GCC_WARN_UNUSED_VARIABLE = YES;
				HEADER_SEARCH_PATHS = (
					"\"$(SRCROOT)/../cocos2d/cocos\"",
					"\"$(SRCROOT)/../cocos2d/extensions\"",
					"\"$(SRCROOT)/../cocos2d/external\"",
					"$(SRCROOT)/../cocos2d/cocos/platform/ios",
					"\"$(SRCROOT)/../stappler/src\"/**",
					"\"$(SRCROOT)/../common\"/**",
					"\"$(SRCROOT)\"",
				);
				IPHONEOS_DEPLOYMENT_TARGET = 5.1;
				SDKROOT = iphoneos;
				VALIDATE_PRODUCT = YES;
			};
			name = Release;
		};
		2966C09F18ADFB2B00F7F478 /* Debug */ = {
			isa = XCBuildConfiguration;
			buildSettings = {
				DEPLOYMENT_LOCATION = NO;
				DSTROOT = /tmp/reader.dst;
				GCC_OPTIMIZATION_LEVEL = 0;
				GCC_PRECOMPILE_PREFIX_HEADER = NO;
				GCC_PREFIX_HEADER = "material-Prefix.pch";
				GCC_PREPROCESSOR_DEFINITIONS = (
					DEBUG,
					USE_FILE32API,
					CC_TARGET_OS_IPHONE,
				);
				GCC_SYMBOLS_PRIVATE_EXTERN = NO;
				IPHONEOS_DEPLOYMENT_TARGET = 5.1.1;
				OTHER_LDFLAGS = "-ObjC";
				PRODUCT_NAME = material;
				SKIP_INSTALL = YES;
				VALID_ARCHS = "armv7 armv7s arm64";
			};
			name = Debug;
		};
		2966C0A018ADFB2B00F7F478 /* Release */ = {
			isa = XCBuildConfiguration;
			buildSettings = {
				DEPLOYMENT_LOCATION = NO;
				DSTROOT = /tmp/reader.dst;
				GCC_PRECOMPILE_PREFIX_HEADER = NO;
				GCC_PREFIX_HEADER = "material-Prefix.pch";
				GCC_PREPROCESSOR_DEFINITIONS = (
					NDEBUG,
					USE_FILE32API,
					CC_TARGET_OS_IPHONE,
				);
				GCC_SYMBOLS_PRIVATE_EXTERN = NO;
				IPHONEOS_DEPLOYMENT_TARGET = 5.1.1;
				OTHER_LDFLAGS = "-ObjC";
				PRODUCT_NAME = material;
				SKIP_INSTALL = YES;
				VALID_ARCHS = "armv7 armv7s arm64";
			};
			name = Release;
		};
/* End XCBuildConfiguration section */

/* Begin XCConfigurationList section */
		2966C07618ADFB2B00F7F478 /* Build configuration list for PBXProject "material" */ = {
			isa = XCConfigurationList;
			buildConfigurations = (
				2966C09C18ADFB2B00F7F478 /* Debug */,
				2966C09D18ADFB2B00F7F478 /* Release */,
			);
			defaultConfigurationIsVisible = 0;
			defaultConfigurationName = Release;
		};
		2966C09E18ADFB2B00F7F478 /* Build configuration list for PBXNativeTarget "material" */ = {
			isa = XCConfigurationList;
			buildConfigurations = (
				2966C09F18ADFB2B00F7F478 /* Debug */,
				2966C0A018ADFB2B00F7F478 /* Release */,
			);
			defaultConfigurationIsVisible = 0;
			defaultConfigurationName = Release;
		};
/* End XCConfigurationList section */
	};
	rootObject = 2966C07318ADFB2B00F7F478 /* Project object */;
}
